
Microsoft Visual Studio Solution File, Format Version 12.00
# Visual Studio 15
VisualStudioVersion = 15.0.28010.2019
MinimumVisualStudioVersion = 10.0.40219.1
Project("{FAE04EC0-301F-11D3-BF4B-00C04F79EFBC}") = "Recept", "Recept\Recept.csproj", "{8ED199B7-A0A1-4428-B57D-8C97E5C637D7}"
EndProject
Global
	GlobalSection(SolutionConfigurationPlatforms) = preSolution
		Debug|Any CPU = Debug|Any CPU
		Release|Any CPU = Release|Any CPU
	EndGlobalSection
	GlobalSection(ProjectConfigurationPlatforms) = postSolution
		{8ED199B7-A0A1-4428-B57D-8C97E5C637D7}.Debug|Any CPU.ActiveCfg = Debug|Any CPU
		{8ED199B7-A0A1-4428-B57D-8C97E5C637D7}.Debug|Any CPU.Build.0 = Debug|Any CPU
		{8ED199B7-A0A1-4428-B57D-8C97E5C637D7}.Release|Any CPU.ActiveCfg = Release|Any CPU
		{8ED199B7-A0A1-4428-B57D-8C97E5C637D7}.Release|Any CPU.Build.0 = Release|Any CPU
	EndGlobalSection
	GlobalSection(SolutionProperties) = preSolution
		HideSolutionNode = FALSE
	EndGlobalSection
	GlobalSection(ExtensibilityGlobals) = postSolution
		SolutionGuid = {E57399E9-A83D-4E33-A3F4-EA15D993032C}
	EndGlobalSection
EndGlobal
